{
  "name": "alvaro-odds",
  "version": "1.0.0",
  "lockfileVersion": 3,
  "requires": true,
  "packages": {
    "": {
      "name": "alvaro-odds",
      "version": "1.0.0",
      "license": "ISC",
      "dependencies": {
        "json-2-csv": "^5.5.1"
      },
      "devDependencies": {
        "@playwright/test": "^1.45.1",
        "@types/node": "^20.14.9"
      }
    },
    "node_modules/.pnpm/@playwright+test@1.45.1": {
      "dev": true
    },
    "node_modules/.pnpm/@playwright+test@1.45.1/node_modules/@playwright/test": {
      "version": "1.45.1",
      "dev": true,
      "license": "Apache-2.0",
      "dependencies": {
        "playwright": "1.45.1"
      },
      "bin": {
        "playwright": "cli.js"
      },
      "engines": {
        "node": ">=18"
      }
    },
    "node_modules/.pnpm/@playwright+test@1.45.1/node_modules/playwright": {
      "resolved": "node_modules/.pnpm/playwright@1.45.1/node_modules/playwright",
      "link": true
    },
    "node_modules/.pnpm/@types+node@20.14.9": {
      "dev": true
    },
    "node_modules/.pnpm/@types+node@20.14.9/node_modules/@types/node": {
      "version": "20.14.9",
      "dev": true,
      "license": "MIT",
      "dependencies": {
        "undici-types": "~5.26.4"
      }
    },
    "node_modules/.pnpm/@types+node@20.14.9/node_modules/undici-types": {
      "resolved": "node_modules/.pnpm/undici-types@5.26.5/node_modules/undici-types",
      "link": true
    },
    "node_modules/.pnpm/playwright-core@1.45.1/node_modules/playwright-core": {
      "version": "1.45.1",
      "dev": true,
      "license": "Apache-2.0",
      "bin": {
        "playwright-core": "cli.js"
      },
      "engines": {
        "node": ">=18"
      }
    },
    "node_modules/.pnpm/playwright@1.45.1": {
      "dev": true
    },
    "node_modules/.pnpm/playwright@1.45.1/node_modules/playwright": {
      "version": "1.45.1",
      "dev": true,
      "license": "Apache-2.0",
      "dependencies": {
        "playwright-core": "1.45.1"
      },
      "bin": {
        "playwright": "cli.js"
      },
      "engines": {
        "node": ">=18"
      },
      "optionalDependencies": {
        "fsevents": "2.3.2"
      }
    },
    "node_modules/.pnpm/playwright@1.45.1/node_modules/playwright-core": {
      "resolved": "node_modules/.pnpm/playwright-core@1.45.1/node_modules/playwright-core",
      "link": true
    },
    "node_modules/.pnpm/undici-types@5.26.5/node_modules/undici-types": {
      "version": "5.26.5",
      "dev": true,
      "license": "MIT"
    },
    "node_modules/@playwright/test": {
      "resolved": "node_modules/.pnpm/@playwright+test@1.45.1/node_modules/@playwright/test",
      "link": true
    },
    "node_modules/@types/node": {
      "resolved": "node_modules/.pnpm/@types+node@20.14.9/node_modules/@types/node",
      "link": true
    },
    "node_modules/deeks": {
      "version": "3.1.0",
      "resolved": "https://registry.npmjs.org/deeks/-/deeks-3.1.0.tgz",
      "integrity": "sha512-e7oWH1LzIdv/prMQ7pmlDlaVoL64glqzvNgkgQNgyec9ORPHrT2jaOqMtRyqJuwWjtfb6v+2rk9pmaHj+F137A==",
      "engines": {
        "node": ">= 16"
      }
    },
    "node_modules/doc-path": {
      "version": "4.1.1",
      "resolved": "https://registry.npmjs.org/doc-path/-/doc-path-4.1.1.tgz",
      "integrity": "sha512-h1ErTglQAVv2gCnOpD3sFS6uolDbOKHDU1BZq+Kl3npPqroU3dYL42lUgMfd5UimlwtRgp7C9dLGwqQ5D2HYgQ==",
      "engines": {
        "node": ">=16"
      }
    },
    "node_modules/fsevents": {
      "version": "2.3.2",
      "resolved": "https://registry.npmjs.org/fsevents/-/fsevents-2.3.2.tgz",
      "integrity": "sha512-xiqMQR4xAeHTuB9uWm+fFRcIOgKBMiOBP+eXiyT7jsgVCq1bkVygt00oASowB7EdtpOHaaPgKt812P9ab+DDKA==",
      "dev": true,
      "hasInstallScript": true,
      "optional": true,
      "os": [
        "darwin"
      ],
      "engines": {
        "node": "^8.16.0 || ^10.6.0 || >=11.0.0"
      }
    },
    "node_modules/json-2-csv": {
      "version": "5.5.1",
      "resolved": "https://registry.npmjs.org/json-2-csv/-/json-2-csv-5.5.1.tgz",
      "integrity": "sha512-KgAtAXTQopRwe90gh8SgjRSxgt9bUWbGAPMo9W0TZLA8SqiQH7khtagFfeEUjG3NBPwJu/+9uX5pMvunKaPvrQ==",
      "dependencies": {
        "deeks": "3.1.0",
        "doc-path": "4.1.1"
      },
      "engines": {
        "node": ">= 16"
      }
    }
  }
}
